
Microsoft Visual Studio Solution File, Format Version 12.00
# Visual Studio 15
Project("{FAE04EC0-301F-11D3-BF4B-00C04F79EFBC}") = "UnityEngine.UI", "UnityEngine.UI.csproj", "{93BFABD3-1610-C28F-F47D-5F7514417897}"
EndProject
Project("{FAE04EC0-301F-11D3-BF4B-00C04F79EFBC}") = "UnityEngine.TestRunner", "UnityEngine.TestRunner.csproj", "{FFC34CD9-054E-911D-67DF-C0E9BAFD235C}"
EndProject
Project("{FAE04EC0-301F-11D3-BF4B-00C04F79EFBC}") = "Unity.Mathematics", "Unity.Mathematics.csproj", "{4FAFE650-8663-252D-100F-68F2343DFEB6}"
EndProject
Project("{FAE04EC0-301F-11D3-BF4B-00C04F79EFBC}") = "Unity.2D.Animation.Triangle.Runtime", "Unity.2D.Animation.Triangle.Runtime.csproj", "{DBE2E4C9-B8E6-2686-172F-21AB7E2B11C0}"
EndProject
Project("{FAE04EC0-301F-11D3-BF4B-00C04F79EFBC}") = "Unity.Timeline", "Unity.Timeline.csproj", "{A824C0C3-6D2B-65E9-0756-D0E19710E6BD}"
EndProject
Project("{FAE04EC0-301F-11D3-BF4B-00C04F79EFBC}") = "Unity.TextMeshPro", "Unity.TextMeshPro.csproj", "{BCDDE77A-A9D9-A0AB-D0A4-46A97093BE7C}"
EndProject
Project("{FAE04EC0-301F-11D3-BF4B-00C04F79EFBC}") = "Unity.2D.Animation.Runtime", "Unity.2D.Animation.Runtime.csproj", "{DCE7BEFA-2751-9D8F-05B9-5C1825F0424C}"
EndProject
Project("{FAE04EC0-301F-11D3-BF4B-00C04F79EFBC}") = "Unity.2D.IK.Runtime", "Unity.2D.IK.Runtime.csproj", "{DFBC2885-6851-76D1-2459-808AFD4E3D94}"
EndProject
Project("{FAE04EC0-301F-11D3-BF4B-00C04F79EFBC}") = "Unity.2D.SpriteShape.Runtime", "Unity.2D.SpriteShape.Runtime.csproj", "{F1960EA1-3E53-B3E8-5378-226403DA55A6}"
EndProject
Project("{FAE04EC0-301F-11D3-BF4B-00C04F79EFBC}") = "Assembly-CSharp", "Assembly-CSharp.csproj", "{B5CC2B80-25DB-F869-AA91-8ACAAEEBC1DE}"
EndProject
Project("{FAE04EC0-301F-11D3-BF4B-00C04F79EFBC}") = "Unity.2D.PixelPerfect", "Unity.2D.PixelPerfect.csproj", "{68B526EF-ACB4-BA25-6DB0-F186AE715BA2}"
EndProject
Project("{FAE04EC0-301F-11D3-BF4B-00C04F79EFBC}") = "Unity.2D.Common.Runtime", "Unity.2D.Common.Runtime.csproj", "{488EE007-B262-ABB5-7D50-38CFD07145D5}"
EndProject
Project("{FAE04EC0-301F-11D3-BF4B-00C04F79EFBC}") = "Unity.InternalAPIEngineBridge.001", "Unity.InternalAPIEngineBridge.001.csproj", "{8B488F90-0BD2-96BC-3FC6-6E64746C1400}"
EndProject
Project("{FAE04EC0-301F-11D3-BF4B-00C04F79EFBC}") = "UnityEditor.TestRunner", "UnityEditor.TestRunner.csproj", "{BD4AFCBF-4D48-1441-1051-9BAF9F22FCDC}"
EndProject
Project("{FAE04EC0-301F-11D3-BF4B-00C04F79EFBC}") = "Unity.PlasticSCM.Editor", "Unity.PlasticSCM.Editor.csproj", "{14D832DD-E5C4-A1C8-AC98-797F61EC1D19}"
EndProject
Project("{FAE04EC0-301F-11D3-BF4B-00C04F79EFBC}") = "UnityEditor.UI", "UnityEditor.UI.csproj", "{D87A57FB-6199-6BC5-AED1-BB7E569D887D}"
EndProject
Project("{FAE04EC0-301F-11D3-BF4B-00C04F79EFBC}") = "Unity.Timeline.Editor", "Unity.Timeline.Editor.csproj", "{8E1A6E77-665B-0274-4C92-9A16614077A4}"
EndProject
Project("{FAE04EC0-301F-11D3-BF4B-00C04F79EFBC}") = "Unity.VisualStudio.Editor", "Unity.VisualStudio.Editor.csproj", "{9E14601D-97F8-A475-6EE8-42600B7E335E}"
EndProject
Project("{FAE04EC0-301F-11D3-BF4B-00C04F79EFBC}") = "Unity.2D.Psdimporter.Editor", "Unity.2D.Psdimporter.Editor.csproj", "{31529093-A68E-7B7D-4372-3CC7E2374075}"
EndProject
Project("{FAE04EC0-301F-11D3-BF4B-00C04F79EFBC}") = "Unity.2D.Animation.Editor", "Unity.2D.Animation.Editor.csproj", "{43EC6153-9598-DB57-CDEA-9F410935F515}"
EndProject
Project("{FAE04EC0-301F-11D3-BF4B-00C04F79EFBC}") = "Unity.TextMeshPro.Editor", "Unity.TextMeshPro.Editor.csproj", "{9D7AFF0B-FE21-3DDD-637F-6EB4B00050FD}"
EndProject
Project("{FAE04EC0-301F-11D3-BF4B-00C04F79EFBC}") = "Unity.2D.SpriteShape.Editor", "Unity.2D.SpriteShape.Editor.csproj", "{7DA44C66-3D2F-4F29-DAE6-B8F8B38468AD}"
EndProject
Project("{FAE04EC0-301F-11D3-BF4B-00C04F79EFBC}") = "Unity.CollabProxy.Editor", "Unity.CollabProxy.Editor.csproj", "{883066DD-6169-C3DD-51BA-E56DA93EA611}"
EndProject
Project("{FAE04EC0-301F-11D3-BF4B-00C04F79EFBC}") = "PsdPlugin", "PsdPlugin.csproj", "{5C099929-2840-A998-8014-7A485594D661}"
EndProject
Project("{FAE04EC0-301F-11D3-BF4B-00C04F79EFBC}") = "Unity.2D.Path.Editor", "Unity.2D.Path.Editor.csproj", "{AA5C26B1-9A82-CF5A-1054-5C7AA96D0C3C}"
EndProject
Project("{FAE04EC0-301F-11D3-BF4B-00C04F79EFBC}") = "Unity.Rider.Editor", "Unity.Rider.Editor.csproj", "{33C64E05-AB44-1E2B-84F8-48B9184AD41E}"
EndProject
Project("{FAE04EC0-301F-11D3-BF4B-00C04F79EFBC}") = "Unity.2D.IK.Editor", "Unity.2D.IK.Editor.csproj", "{51BC618A-59E0-A75A-3604-707EE6DD91A9}"
EndProject
Project("{FAE04EC0-301F-11D3-BF4B-00C04F79EFBC}") = "Unity.2D.Sprite.Editor", "Unity.2D.Sprite.Editor.csproj", "{1C6A1374-C110-C341-4A11-BA747A2B46B7}"
EndProject
Project("{FAE04EC0-301F-11D3-BF4B-00C04F79EFBC}") = "Unity.2D.Tilemap.Editor", "Unity.2D.Tilemap.Editor.csproj", "{60272E1F-2974-2A10-143E-08AFC8D1EA20}"
EndProject
Project("{FAE04EC0-301F-11D3-BF4B-00C04F79EFBC}") = "Unity.2D.PixelPerfect.Editor", "Unity.2D.PixelPerfect.Editor.csproj", "{2CC6D903-0B7E-D50E-1341-7D94A42F7858}"
EndProject
Project("{FAE04EC0-301F-11D3-BF4B-00C04F79EFBC}") = "Unity.VSCode.Editor", "Unity.VSCode.Editor.csproj", "{1F5EBE4B-C226-56D2-B18F-0DB7942C316B}"
EndProject
Project("{FAE04EC0-301F-11D3-BF4B-00C04F79EFBC}") = "Unity.2D.Common.Editor", "Unity.2D.Common.Editor.csproj", "{816A0732-CFCE-1AC4-9849-BA4608BFD320}"
EndProject
Project("{FAE04EC0-301F-11D3-BF4B-00C04F79EFBC}") = "Unity.Mathematics.Editor", "Unity.Mathematics.Editor.csproj", "{DE9CFA05-CEEB-903C-2EB4-9F8F6B502309}"
EndProject
Project("{FAE04EC0-301F-11D3-BF4B-00C04F79EFBC}") = "Unity.InternalAPIEditorBridge.001", "Unity.InternalAPIEditorBridge.001.csproj", "{24AB88D7-FFE1-EE95-1DC5-827AACF05367}"
EndProject
Project("{FAE04EC0-301F-11D3-BF4B-00C04F79EFBC}") = "UnityEngine.UI", "UnityEngine.UI.Player.csproj", "{FCAAFA86-BD3A-BF3A-9289-76B959BD8CEE}"
EndProject
Project("{FAE04EC0-301F-11D3-BF4B-00C04F79EFBC}") = "UnityEngine.TestRunner", "UnityEngine.TestRunner.Player.csproj", "{60F68C42-9BF5-5AF0-7F1A-F27862D6B345}"
EndProject
Project("{FAE04EC0-301F-11D3-BF4B-00C04F79EFBC}") = "Unity.Mathematics", "Unity.Mathematics.Player.csproj", "{E412694C-6F18-EEDA-CD36-75BA0F1E4252}"
EndProject
Project("{FAE04EC0-301F-11D3-BF4B-00C04F79EFBC}") = "Unity.2D.Animation.Triangle.Runtime", "Unity.2D.Animation.Triangle.Runtime.Player.csproj", "{875A1476-4B9F-B26D-A705-7983E125AA47}"
EndProject
Project("{FAE04EC0-301F-11D3-BF4B-00C04F79EFBC}") = "Unity.Timeline", "Unity.Timeline.Player.csproj", "{A2674E71-B5A1-4371-B9A0-F8583CF8396E}"
EndProject
Project("{FAE04EC0-301F-11D3-BF4B-00C04F79EFBC}") = "Unity.TextMeshPro", "Unity.TextMeshPro.Player.csproj", "{9AD53B78-4E08-9DE7-7A8C-C47F1DE8ADD7}"
EndProject
Project("{FAE04EC0-301F-11D3-BF4B-00C04F79EFBC}") = "Unity.2D.Animation.Runtime", "Unity.2D.Animation.Runtime.Player.csproj", "{08B03948-D13A-5ECB-36C2-F9C9D0864DA0}"
EndProject
Project("{FAE04EC0-301F-11D3-BF4B-00C04F79EFBC}") = "Unity.2D.IK.Runtime", "Unity.2D.IK.Runtime.Player.csproj", "{6D83EA4B-0B29-489B-3820-50C7D3F8C9A3}"
EndProject
Project("{FAE04EC0-301F-11D3-BF4B-00C04F79EFBC}") = "Unity.2D.SpriteShape.Runtime", "Unity.2D.SpriteShape.Runtime.Player.csproj", "{E0F04A8E-D759-BAD3-09D8-ECE1475D04C0}"
EndProject
Project("{FAE04EC0-301F-11D3-BF4B-00C04F79EFBC}") = "Assembly-CSharp", "Assembly-CSharp.Player.csproj", "{13C3F03A-F88A-6458-2F5C-6593B0C78901}"
EndProject
Project("{FAE04EC0-301F-11D3-BF4B-00C04F79EFBC}") = "Unity.2D.PixelPerfect", "Unity.2D.PixelPerfect.Player.csproj", "{6B5E97D0-E10E-7982-8D83-07FEE5C7926A}"
EndProject
Project("{FAE04EC0-301F-11D3-BF4B-00C04F79EFBC}") = "Unity.2D.Common.Runtime", "Unity.2D.Common.Runtime.Player.csproj", "{6428674A-64F4-C788-5B9F-6552B558124A}"
EndProject
Project("{FAE04EC0-301F-11D3-BF4B-00C04F79EFBC}") = "Unity.InternalAPIEngineBridge.001", "Unity.InternalAPIEngineBridge.001.Player.csproj", "{47FE811C-949A-33C3-0EEC-08E8D46F39AD}"
EndProject
Global
	GlobalSection(SolutionConfigurationPlatforms) = preSolution
		Debug|Any CPU = Debug|Any CPU
		Release|Any CPU = Release|Any CPU
	EndGlobalSection
	GlobalSection(ProjectConfigurationPlatforms) = postSolution
		{93BFABD3-1610-C28F-F47D-5F7514417897}.Debug|Any CPU.ActiveCfg = Debug|Any CPU
		{93BFABD3-1610-C28F-F47D-5F7514417897}.Debug|Any CPU.Build.0 = Debug|Any CPU
		{93BFABD3-1610-C28F-F47D-5F7514417897}.Release|Any CPU.ActiveCfg = Release|Any CPU
		{93BFABD3-1610-C28F-F47D-5F7514417897}.Release|Any CPU.Build.0 = Release|Any CPU
		{FFC34CD9-054E-911D-67DF-C0E9BAFD235C}.Debug|Any CPU.ActiveCfg = Debug|Any CPU
		{FFC34CD9-054E-911D-67DF-C0E9BAFD235C}.Debug|Any CPU.Build.0 = Debug|Any CPU
		{FFC34CD9-054E-911D-67DF-C0E9BAFD235C}.Release|Any CPU.ActiveCfg = Release|Any CPU
		{FFC34CD9-054E-911D-67DF-C0E9BAFD235C}.Release|Any CPU.Build.0 = Release|Any CPU
		{4FAFE650-8663-252D-100F-68F2343DFEB6}.Debug|Any CPU.ActiveCfg = Debug|Any CPU
		{4FAFE650-8663-252D-100F-68F2343DFEB6}.Debug|Any CPU.Build.0 = Debug|Any CPU
		{4FAFE650-8663-252D-100F-68F2343DFEB6}.Release|Any CPU.ActiveCfg = Release|Any CPU
		{4FAFE650-8663-252D-100F-68F2343DFEB6}.Release|Any CPU.Build.0 = Release|Any CPU
		{DBE2E4C9-B8E6-2686-172F-21AB7E2B11C0}.Debug|Any CPU.ActiveCfg = Debug|Any CPU
		{DBE2E4C9-B8E6-2686-172F-21AB7E2B11C0}.Debug|Any CPU.Build.0 = Debug|Any CPU
		{DBE2E4C9-B8E6-2686-172F-21AB7E2B11C0}.Release|Any CPU.ActiveCfg = Release|Any CPU
		{DBE2E4C9-B8E6-2686-172F-21AB7E2B11C0}.Release|Any CPU.Build.0 = Release|Any CPU
		{A824C0C3-6D2B-65E9-0756-D0E19710E6BD}.Debug|Any CPU.ActiveCfg = Debug|Any CPU
		{A824C0C3-6D2B-65E9-0756-D0E19710E6BD}.Debug|Any CPU.Build.0 = Debug|Any CPU
		{A824C0C3-6D2B-65E9-0756-D0E19710E6BD}.Release|Any CPU.ActiveCfg = Release|Any CPU
		{A824C0C3-6D2B-65E9-0756-D0E19710E6BD}.Release|Any CPU.Build.0 = Release|Any CPU
		{BCDDE77A-A9D9-A0AB-D0A4-46A97093BE7C}.Debug|Any CPU.ActiveCfg = Debug|Any CPU
		{BCDDE77A-A9D9-A0AB-D0A4-46A97093BE7C}.Debug|Any CPU.Build.0 = Debug|Any CPU
		{BCDDE77A-A9D9-A0AB-D0A4-46A97093BE7C}.Release|Any CPU.ActiveCfg = Release|Any CPU
		{BCDDE77A-A9D9-A0AB-D0A4-46A97093BE7C}.Release|Any CPU.Build.0 = Release|Any CPU
		{DCE7BEFA-2751-9D8F-05B9-5C1825F0424C}.Debug|Any CPU.ActiveCfg = Debug|Any CPU
		{DCE7BEFA-2751-9D8F-05B9-5C1825F0424C}.Debug|Any CPU.Build.0 = Debug|Any CPU
		{DCE7BEFA-2751-9D8F-05B9-5C1825F0424C}.Release|Any CPU.ActiveCfg = Release|Any CPU
		{DCE7BEFA-2751-9D8F-05B9-5C1825F0424C}.Release|Any CPU.Build.0 = Release|Any CPU
		{DFBC2885-6851-76D1-2459-808AFD4E3D94}.Debug|Any CPU.ActiveCfg = Debug|Any CPU
		{DFBC2885-6851-76D1-2459-808AFD4E3D94}.Debug|Any CPU.Build.0 = Debug|Any CPU
		{DFBC2885-6851-76D1-2459-808AFD4E3D94}.Release|Any CPU.ActiveCfg = Release|Any CPU
		{DFBC2885-6851-76D1-2459-808AFD4E3D94}.Release|Any CPU.Build.0 = Release|Any CPU
		{F1960EA1-3E53-B3E8-5378-226403DA55A6}.Debug|Any CPU.ActiveCfg = Debug|Any CPU
		{F1960EA1-3E53-B3E8-5378-226403DA55A6}.Debug|Any CPU.Build.0 = Debug|Any CPU
		{F1960EA1-3E53-B3E8-5378-226403DA55A6}.Release|Any CPU.ActiveCfg = Release|Any CPU
		{F1960EA1-3E53-B3E8-5378-226403DA55A6}.Release|Any CPU.Build.0 = Release|Any CPU
		{B5CC2B80-25DB-F869-AA91-8ACAAEEBC1DE}.Debug|Any CPU.ActiveCfg = Debug|Any CPU
		{B5CC2B80-25DB-F869-AA91-8ACAAEEBC1DE}.Debug|Any CPU.Build.0 = Debug|Any CPU
		{B5CC2B80-25DB-F869-AA91-8ACAAEEBC1DE}.Release|Any CPU.ActiveCfg = Release|Any CPU
		{B5CC2B80-25DB-F869-AA91-8ACAAEEBC1DE}.Release|Any CPU.Build.0 = Release|Any CPU
		{68B526EF-ACB4-BA25-6DB0-F186AE715BA2}.Debug|Any CPU.ActiveCfg = Debug|Any CPU
		{68B526EF-ACB4-BA25-6DB0-F186AE715BA2}.Debug|Any CPU.Build.0 = Debug|Any CPU
		{68B526EF-ACB4-BA25-6DB0-F186AE715BA2}.Release|Any CPU.ActiveCfg = Release|Any CPU
		{68B526EF-ACB4-BA25-6DB0-F186AE715BA2}.Release|Any CPU.Build.0 = Release|Any CPU
		{488EE007-B262-ABB5-7D50-38CFD07145D5}.Debug|Any CPU.ActiveCfg = Debug|Any CPU
		{488EE007-B262-ABB5-7D50-38CFD07145D5}.Debug|Any CPU.Build.0 = Debug|Any CPU
		{488EE007-B262-ABB5-7D50-38CFD07145D5}.Release|Any CPU.ActiveCfg = Release|Any CPU
		{488EE007-B262-ABB5-7D50-38CFD07145D5}.Release|Any CPU.Build.0 = Release|Any CPU
		{8B488F90-0BD2-96BC-3FC6-6E64746C1400}.Debug|Any CPU.ActiveCfg = Debug|Any CPU
		{8B488F90-0BD2-96BC-3FC6-6E64746C1400}.Debug|Any CPU.Build.0 = Debug|Any CPU
		{8B488F90-0BD2-96BC-3FC6-6E64746C1400}.Release|Any CPU.ActiveCfg = Release|Any CPU
		{8B488F90-0BD2-96BC-3FC6-6E64746C1400}.Release|Any CPU.Build.0 = Release|Any CPU
		{BD4AFCBF-4D48-1441-1051-9BAF9F22FCDC}.Debug|Any CPU.ActiveCfg = Debug|Any CPU
		{BD4AFCBF-4D48-1441-1051-9BAF9F22FCDC}.Debug|Any CPU.Build.0 = Debug|Any CPU
		{BD4AFCBF-4D48-1441-1051-9BAF9F22FCDC}.Release|Any CPU.ActiveCfg = Release|Any CPU
		{BD4AFCBF-4D48-1441-1051-9BAF9F22FCDC}.Release|Any CPU.Build.0 = Release|Any CPU
		{14D832DD-E5C4-A1C8-AC98-797F61EC1D19}.Debug|Any CPU.ActiveCfg = Debug|Any CPU
		{14D832DD-E5C4-A1C8-AC98-797F61EC1D19}.Debug|Any CPU.Build.0 = Debug|Any CPU
		{14D832DD-E5C4-A1C8-AC98-797F61EC1D19}.Release|Any CPU.ActiveCfg = Release|Any CPU
		{14D832DD-E5C4-A1C8-AC98-797F61EC1D19}.Release|Any CPU.Build.0 = Release|Any CPU
		{D87A57FB-6199-6BC5-AED1-BB7E569D887D}.Debug|Any CPU.ActiveCfg = Debug|Any CPU
		{D87A57FB-6199-6BC5-AED1-BB7E569D887D}.Debug|Any CPU.Build.0 = Debug|Any CPU
		{D87A57FB-6199-6BC5-AED1-BB7E569D887D}.Release|Any CPU.ActiveCfg = Release|Any CPU
		{D87A57FB-6199-6BC5-AED1-BB7E569D887D}.Release|Any CPU.Build.0 = Release|Any CPU
		{8E1A6E77-665B-0274-4C92-9A16614077A4}.Debug|Any CPU.ActiveCfg = Debug|Any CPU
		{8E1A6E77-665B-0274-4C92-9A16614077A4}.Debug|Any CPU.Build.0 = Debug|Any CPU
		{8E1A6E77-665B-0274-4C92-9A16614077A4}.Release|Any CPU.ActiveCfg = Release|Any CPU
		{8E1A6E77-665B-0274-4C92-9A16614077A4}.Release|Any CPU.Build.0 = Release|Any CPU
		{9E14601D-97F8-A475-6EE8-42600B7E335E}.Debug|Any CPU.ActiveCfg = Debug|Any CPU
		{9E14601D-97F8-A475-6EE8-42600B7E335E}.Debug|Any CPU.Build.0 = Debug|Any CPU
		{9E14601D-97F8-A475-6EE8-42600B7E335E}.Release|Any CPU.ActiveCfg = Release|Any CPU
		{9E14601D-97F8-A475-6EE8-42600B7E335E}.Release|Any CPU.Build.0 = Release|Any CPU
		{31529093-A68E-7B7D-4372-3CC7E2374075}.Debug|Any CPU.ActiveCfg = Debug|Any CPU
		{31529093-A68E-7B7D-4372-3CC7E2374075}.Debug|Any CPU.Build.0 = Debug|Any CPU
		{31529093-A68E-7B7D-4372-3CC7E2374075}.Release|Any CPU.ActiveCfg = Release|Any CPU
		{31529093-A68E-7B7D-4372-3CC7E2374075}.Release|Any CPU.Build.0 = Release|Any CPU
		{43EC6153-9598-DB57-CDEA-9F410935F515}.Debug|Any CPU.ActiveCfg = Debug|Any CPU
		{43EC6153-9598-DB57-CDEA-9F410935F515}.Debug|Any CPU.Build.0 = Debug|Any CPU
		{43EC6153-9598-DB57-CDEA-9F410935F515}.Release|Any CPU.ActiveCfg = Release|Any CPU
		{43EC6153-9598-DB57-CDEA-9F410935F515}.Release|Any CPU.Build.0 = Release|Any CPU
		{9D7AFF0B-FE21-3DDD-637F-6EB4B00050FD}.Debug|Any CPU.ActiveCfg = Debug|Any CPU
		{9D7AFF0B-FE21-3DDD-637F-6EB4B00050FD}.Debug|Any CPU.Build.0 = Debug|Any CPU
		{9D7AFF0B-FE21-3DDD-637F-6EB4B00050FD}.Release|Any CPU.ActiveCfg = Release|Any CPU
		{9D7AFF0B-FE21-3DDD-637F-6EB4B00050FD}.Release|Any CPU.Build.0 = Release|Any CPU
		{7DA44C66-3D2F-4F29-DAE6-B8F8B38468AD}.Debug|Any CPU.ActiveCfg = Debug|Any CPU
		{7DA44C66-3D2F-4F29-DAE6-B8F8B38468AD}.Debug|Any CPU.Build.0 = Debug|Any CPU
		{7DA44C66-3D2F-4F29-DAE6-B8F8B38468AD}.Release|Any CPU.ActiveCfg = Release|Any CPU
		{7DA44C66-3D2F-4F29-DAE6-B8F8B38468AD}.Release|Any CPU.Build.0 = Release|Any CPU
		{883066DD-6169-C3DD-51BA-E56DA93EA611}.Debug|Any CPU.ActiveCfg = Debug|Any CPU
		{883066DD-6169-C3DD-51BA-E56DA93EA611}.Debug|Any CPU.Build.0 = Debug|Any CPU
		{883066DD-6169-C3DD-51BA-E56DA93EA611}.Release|Any CPU.ActiveCfg = Release|Any CPU
		{883066DD-6169-C3DD-51BA-E56DA93EA611}.Release|Any CPU.Build.0 = Release|Any CPU
		{5C099929-2840-A998-8014-7A485594D661}.Debug|Any CPU.ActiveCfg = Debug|Any CPU
		{5C099929-2840-A998-8014-7A485594D661}.Debug|Any CPU.Build.0 = Debug|Any CPU
		{5C099929-2840-A998-8014-7A485594D661}.Release|Any CPU.ActiveCfg = Release|Any CPU
		{5C099929-2840-A998-8014-7A485594D661}.Release|Any CPU.Build.0 = Release|Any CPU
		{AA5C26B1-9A82-CF5A-1054-5C7AA96D0C3C}.Debug|Any CPU.ActiveCfg = Debug|Any CPU
		{AA5C26B1-9A82-CF5A-1054-5C7AA96D0C3C}.Debug|Any CPU.Build.0 = Debug|Any CPU
		{AA5C26B1-9A82-CF5A-1054-5C7AA96D0C3C}.Release|Any CPU.ActiveCfg = Release|Any CPU
		{AA5C26B1-9A82-CF5A-1054-5C7AA96D0C3C}.Release|Any CPU.Build.0 = Release|Any CPU
		{33C64E05-AB44-1E2B-84F8-48B9184AD41E}.Debug|Any CPU.ActiveCfg = Debug|Any CPU
		{33C64E05-AB44-1E2B-84F8-48B9184AD41E}.Debug|Any CPU.Build.0 = Debug|Any CPU
		{33C64E05-AB44-1E2B-84F8-48B9184AD41E}.Release|Any CPU.ActiveCfg = Release|Any CPU
		{33C64E05-AB44-1E2B-84F8-48B9184AD41E}.Release|Any CPU.Build.0 = Release|Any CPU
		{51BC618A-59E0-A75A-3604-707EE6DD91A9}.Debug|Any CPU.ActiveCfg = Debug|Any CPU
		{51BC618A-59E0-A75A-3604-707EE6DD91A9}.Debug|Any CPU.Build.0 = Debug|Any CPU
		{51BC618A-59E0-A75A-3604-707EE6DD91A9}.Release|Any CPU.ActiveCfg = Release|Any CPU
		{51BC618A-59E0-A75A-3604-707EE6DD91A9}.Release|Any CPU.Build.0 = Release|Any CPU
		{1C6A1374-C110-C341-4A11-BA747A2B46B7}.Debug|Any CPU.ActiveCfg = Debug|Any CPU
		{1C6A1374-C110-C341-4A11-BA747A2B46B7}.Debug|Any CPU.Build.0 = Debug|Any CPU
		{1C6A1374-C110-C341-4A11-BA747A2B46B7}.Release|Any CPU.ActiveCfg = Release|Any CPU
		{1C6A1374-C110-C341-4A11-BA747A2B46B7}.Release|Any CPU.Build.0 = Release|Any CPU
		{60272E1F-2974-2A10-143E-08AFC8D1EA20}.Debug|Any CPU.ActiveCfg = Debug|Any CPU
		{60272E1F-2974-2A10-143E-08AFC8D1EA20}.Debug|Any CPU.Build.0 = Debug|Any CPU
		{60272E1F-2974-2A10-143E-08AFC8D1EA20}.Release|Any CPU.ActiveCfg = Release|Any CPU
		{60272E1F-2974-2A10-143E-08AFC8D1EA20}.Release|Any CPU.Build.0 = Release|Any CPU
		{2CC6D903-0B7E-D50E-1341-7D94A42F7858}.Debug|Any CPU.ActiveCfg = Debug|Any CPU
		{2CC6D903-0B7E-D50E-1341-7D94A42F7858}.Debug|Any CPU.Build.0 = Debug|Any CPU
		{2CC6D903-0B7E-D50E-1341-7D94A42F7858}.Release|Any CPU.ActiveCfg = Release|Any CPU
		{2CC6D903-0B7E-D50E-1341-7D94A42F7858}.Release|Any CPU.Build.0 = Release|Any CPU
		{1F5EBE4B-C226-56D2-B18F-0DB7942C316B}.Debug|Any CPU.ActiveCfg = Debug|Any CPU
		{1F5EBE4B-C226-56D2-B18F-0DB7942C316B}.Debug|Any CPU.Build.0 = Debug|Any CPU
		{1F5EBE4B-C226-56D2-B18F-0DB7942C316B}.Release|Any CPU.ActiveCfg = Release|Any CPU
		{1F5EBE4B-C226-56D2-B18F-0DB7942C316B}.Release|Any CPU.Build.0 = Release|Any CPU
		{816A0732-CFCE-1AC4-9849-BA4608BFD320}.Debug|Any CPU.ActiveCfg = Debug|Any CPU
		{816A0732-CFCE-1AC4-9849-BA4608BFD320}.Debug|Any CPU.Build.0 = Debug|Any CPU
		{816A0732-CFCE-1AC4-9849-BA4608BFD320}.Release|Any CPU.ActiveCfg = Release|Any CPU
		{816A0732-CFCE-1AC4-9849-BA4608BFD320}.Release|Any CPU.Build.0 = Release|Any CPU
		{DE9CFA05-CEEB-903C-2EB4-9F8F6B502309}.Debug|Any CPU.ActiveCfg = Debug|Any CPU
		{DE9CFA05-CEEB-903C-2EB4-9F8F6B502309}.Debug|Any CPU.Build.0 = Debug|Any CPU
		{DE9CFA05-CEEB-903C-2EB4-9F8F6B502309}.Release|Any CPU.ActiveCfg = Release|Any CPU
		{DE9CFA05-CEEB-903C-2EB4-9F8F6B502309}.Release|Any CPU.Build.0 = Release|Any CPU
		{24AB88D7-FFE1-EE95-1DC5-827AACF05367}.Debug|Any CPU.ActiveCfg = Debug|Any CPU
		{24AB88D7-FFE1-EE95-1DC5-827AACF05367}.Debug|Any CPU.Build.0 = Debug|Any CPU
		{24AB88D7-FFE1-EE95-1DC5-827AACF05367}.Release|Any CPU.ActiveCfg = Release|Any CPU
		{24AB88D7-FFE1-EE95-1DC5-827AACF05367}.Release|Any CPU.Build.0 = Release|Any CPU
		{FCAAFA86-BD3A-BF3A-9289-76B959BD8CEE}.Debug|Any CPU.ActiveCfg = Debug|Any CPU
		{FCAAFA86-BD3A-BF3A-9289-76B959BD8CEE}.Debug|Any CPU.Build.0 = Debug|Any CPU
		{FCAAFA86-BD3A-BF3A-9289-76B959BD8CEE}.Release|Any CPU.ActiveCfg = Release|Any CPU
		{FCAAFA86-BD3A-BF3A-9289-76B959BD8CEE}.Release|Any CPU.Build.0 = Release|Any CPU
		{60F68C42-9BF5-5AF0-7F1A-F27862D6B345}.Debug|Any CPU.ActiveCfg = Debug|Any CPU
		{60F68C42-9BF5-5AF0-7F1A-F27862D6B345}.Debug|Any CPU.Build.0 = Debug|Any CPU
		{60F68C42-9BF5-5AF0-7F1A-F27862D6B345}.Release|Any CPU.ActiveCfg = Release|Any CPU
		{60F68C42-9BF5-5AF0-7F1A-F27862D6B345}.Release|Any CPU.Build.0 = Release|Any CPU
		{E412694C-6F18-EEDA-CD36-75BA0F1E4252}.Debug|Any CPU.ActiveCfg = Debug|Any CPU
		{E412694C-6F18-EEDA-CD36-75BA0F1E4252}.Debug|Any CPU.Build.0 = Debug|Any CPU
		{E412694C-6F18-EEDA-CD36-75BA0F1E4252}.Release|Any CPU.ActiveCfg = Release|Any CPU
		{E412694C-6F18-EEDA-CD36-75BA0F1E4252}.Release|Any CPU.Build.0 = Release|Any CPU
		{875A1476-4B9F-B26D-A705-7983E125AA47}.Debug|Any CPU.ActiveCfg = Debug|Any CPU
		{875A1476-4B9F-B26D-A705-7983E125AA47}.Debug|Any CPU.Build.0 = Debug|Any CPU
		{875A1476-4B9F-B26D-A705-7983E125AA47}.Release|Any CPU.ActiveCfg = Release|Any CPU
		{875A1476-4B9F-B26D-A705-7983E125AA47}.Release|Any CPU.Build.0 = Release|Any CPU
		{A2674E71-B5A1-4371-B9A0-F8583CF8396E}.Debug|Any CPU.ActiveCfg = Debug|Any CPU
		{A2674E71-B5A1-4371-B9A0-F8583CF8396E}.Debug|Any CPU.Build.0 = Debug|Any CPU
		{A2674E71-B5A1-4371-B9A0-F8583CF8396E}.Release|Any CPU.ActiveCfg = Release|Any CPU
		{A2674E71-B5A1-4371-B9A0-F8583CF8396E}.Release|Any CPU.Build.0 = Release|Any CPU
		{9AD53B78-4E08-9DE7-7A8C-C47F1DE8ADD7}.Debug|Any CPU.ActiveCfg = Debug|Any CPU
		{9AD53B78-4E08-9DE7-7A8C-C47F1DE8ADD7}.Debug|Any CPU.Build.0 = Debug|Any CPU
		{9AD53B78-4E08-9DE7-7A8C-C47F1DE8ADD7}.Release|Any CPU.ActiveCfg = Release|Any CPU
		{9AD53B78-4E08-9DE7-7A8C-C47F1DE8ADD7}.Release|Any CPU.Build.0 = Release|Any CPU
		{08B03948-D13A-5ECB-36C2-F9C9D0864DA0}.Debug|Any CPU.ActiveCfg = Debug|Any CPU
		{08B03948-D13A-5ECB-36C2-F9C9D0864DA0}.Debug|Any CPU.Build.0 = Debug|Any CPU
		{08B03948-D13A-5ECB-36C2-F9C9D0864DA0}.Release|Any CPU.ActiveCfg = Release|Any CPU
		{08B03948-D13A-5ECB-36C2-F9C9D0864DA0}.Release|Any CPU.Build.0 = Release|Any CPU
		{6D83EA4B-0B29-489B-3820-50C7D3F8C9A3}.Debug|Any CPU.ActiveCfg = Debug|Any CPU
		{6D83EA4B-0B29-489B-3820-50C7D3F8C9A3}.Debug|Any CPU.Build.0 = Debug|Any CPU
		{6D83EA4B-0B29-489B-3820-50C7D3F8C9A3}.Release|Any CPU.ActiveCfg = Release|Any CPU
		{6D83EA4B-0B29-489B-3820-50C7D3F8C9A3}.Release|Any CPU.Build.0 = Release|Any CPU
		{E0F04A8E-D759-BAD3-09D8-ECE1475D04C0}.Debug|Any CPU.ActiveCfg = Debug|Any CPU
		{E0F04A8E-D759-BAD3-09D8-ECE1475D04C0}.Debug|Any CPU.Build.0 = Debug|Any CPU
		{E0F04A8E-D759-BAD3-09D8-ECE1475D04C0}.Release|Any CPU.ActiveCfg = Release|Any CPU
		{E0F04A8E-D759-BAD3-09D8-ECE1475D04C0}.Release|Any CPU.Build.0 = Release|Any CPU
		{13C3F03A-F88A-6458-2F5C-6593B0C78901}.Debug|Any CPU.ActiveCfg = Debug|Any CPU
		{13C3F03A-F88A-6458-2F5C-6593B0C78901}.Debug|Any CPU.Build.0 = Debug|Any CPU
		{13C3F03A-F88A-6458-2F5C-6593B0C78901}.Release|Any CPU.ActiveCfg = Release|Any CPU
		{13C3F03A-F88A-6458-2F5C-6593B0C78901}.Release|Any CPU.Build.0 = Release|Any CPU
		{6B5E97D0-E10E-7982-8D83-07FEE5C7926A}.Debug|Any CPU.ActiveCfg = Debug|Any CPU
		{6B5E97D0-E10E-7982-8D83-07FEE5C7926A}.Debug|Any CPU.Build.0 = Debug|Any CPU
		{6B5E97D0-E10E-7982-8D83-07FEE5C7926A}.Release|Any CPU.ActiveCfg = Release|Any CPU
		{6B5E97D0-E10E-7982-8D83-07FEE5C7926A}.Release|Any CPU.Build.0 = Release|Any CPU
		{6428674A-64F4-C788-5B9F-6552B558124A}.Debug|Any CPU.ActiveCfg = Debug|Any CPU
		{6428674A-64F4-C788-5B9F-6552B558124A}.Debug|Any CPU.Build.0 = Debug|Any CPU
		{6428674A-64F4-C788-5B9F-6552B558124A}.Release|Any CPU.ActiveCfg = Release|Any CPU
		{6428674A-64F4-C788-5B9F-6552B558124A}.Release|Any CPU.Build.0 = Release|Any CPU
		{47FE811C-949A-33C3-0EEC-08E8D46F39AD}.Debug|Any CPU.ActiveCfg = Debug|Any CPU
		{47FE811C-949A-33C3-0EEC-08E8D46F39AD}.Debug|Any CPU.Build.0 = Debug|Any CPU
		{47FE811C-949A-33C3-0EEC-08E8D46F39AD}.Release|Any CPU.ActiveCfg = Release|Any CPU
		{47FE811C-949A-33C3-0EEC-08E8D46F39AD}.Release|Any CPU.Build.0 = Release|Any CPU
	EndGlobalSection
	GlobalSection(SolutionProperties) = preSolution
		HideSolutionNode = FALSE
	EndGlobalSection
EndGlobal
